
Microsoft Visual Studio Solution File, Format Version 12.00
# Visual Studio Version 17
VisualStudioVersion = 17.7.34018.315
MinimumVisualStudioVersion = 10.0.40219.1
Project("{FAE04EC0-301F-11D3-BF4B-00C04F79EFBC}") = "inventory_management_app", "inventory_management_app.csproj", "{6618CA53-965D-48CB-96D1-35BD04990114}"
EndProject
Global
	GlobalSection(SolutionConfigurationPlatforms) = preSolution
		Debug|Any CPU = Debug|Any CPU
		Release|Any CPU = Release|Any CPU
	EndGlobalSection
	GlobalSection(ProjectConfigurationPlatforms) = postSolution
		{6618CA53-965D-48CB-96D1-35BD04990114}.Debug|Any CPU.ActiveCfg = Debug|Any CPU
		{6618CA53-965D-48CB-96D1-35BD04990114}.Debug|Any CPU.Build.0 = Debug|Any CPU
		{6618CA53-965D-48CB-96D1-35BD04990114}.Release|Any CPU.ActiveCfg = Release|Any CPU
		{6618CA53-965D-48CB-96D1-35BD04990114}.Release|Any CPU.Build.0 = Release|Any CPU
	EndGlobalSection
	GlobalSection(SolutionProperties) = preSolution
		HideSolutionNode = FALSE
	EndGlobalSection
	GlobalSection(ExtensibilityGlobals) = postSolution
		SolutionGuid = {FBDE5345-6928-4AF0-8AD8-E7E247B35461}
	EndGlobalSection
EndGlobal
